{
  "requires": true,
  "lockfileVersion": 1,
  "dependencies": {
    "gutenberg-css": {
      "version": "0.4.4",
      "resolved": "https://registry.npmjs.org/gutenberg-css/-/gutenberg-css-0.4.4.tgz",
      "integrity": "sha512-Ot5xeUKk3ohJ2+f2YvuJIq+euYAMrFG5ZS3p77V9AfHZuj3zjZ6MNKNDyKl2DFugHklkwFwZwrzpNC3RDGBujw==",
      "requires": {
        "normalize-scss": "7.0.0"
      }
    },
    "normalize-scss": {
      "version": "7.0.0",
      "resolved": "https://registry.npmjs.org/normalize-scss/-/normalize-scss-7.0.0.tgz",
      "integrity": "sha1-kuqsZVTMN2M2wGaCoNaiCZu7CIk="
    }
  }
}
